// !$*UTF8*$!
{
	archiveVersion = 1;
	classes = {
	};
	objectVersion = 46;
	objects = {

/* Begin PBXBuildFile section */
		175928281E0022D600DF28F9 /* WindowController.swift in Sources */ = {isa = PBXBuildFile; fileRef = 175928271E0022D600DF28F9 /* WindowController.swift */; };
		175A42601DFEB524005DA3C1 /* AppDelegate.swift in Sources */ = {isa = PBXBuildFile; fileRef = 175A425F1DFEB524005DA3C1 /* AppDelegate.swift */; };
		175A42621DFEB524005DA3C1 /* ViewController.swift in Sources */ = {isa = PBXBuildFile; fileRef = 175A42611DFEB524005DA3C1 /* ViewController.swift */; };
		175A42641DFEB524005DA3C1 /* Assets.xcassets in Resources */ = {isa = PBXBuildFile; fileRef = 175A42631DFEB524005DA3C1 /* Assets.xcassets */; };
		175A42671DFEB524005DA3C1 /* Main.storyboard in Resources */ = {isa = PBXBuildFile; fileRef = 175A42651DFEB524005DA3C1 /* Main.storyboard */; };
		175A426F1DFEC52A005DA3C1 /* GameOverView.swift in Sources */ = {isa = PBXBuildFile; fileRef = 175A426E1DFEC52A005DA3C1 /* GameOverView.swift */; };
/* End PBXBuildFile section */

/* Begin PBXFileReference section */
		175928271E0022D600DF28F9 /* WindowController.swift */ = {isa = PBXFileReference; fileEncoding = 4; lastKnownFileType = sourcecode.swift; path = WindowController.swift; sourceTree = "<group>"; };
		175A425C1DFEB524005DA3C1 /* Project8.app */ = {isa = PBXFileReference; explicitFileType = wrapper.application; includeInIndex = 0; path = Project8.app; sourceTree = BUILT_PRODUCTS_DIR; };
		175A425F1DFEB524005DA3C1 /* AppDelegate.swift */ = {isa = PBXFileReference; lastKnownFileType = sourcecode.swift; path = AppDelegate.swift; sourceTree = "<group>"; };
		175A42611DFEB524005DA3C1 /* ViewController.swift */ = {isa = PBXFileReference; lastKnownFileType = sourcecode.swift; path = ViewController.swift; sourceTree = "<group>"; };
		175A42631DFEB524005DA3C1 /* Assets.xcassets */ = {isa = PBXFileReference; lastKnownFileType = folder.assetcatalog; path = Assets.xcassets; sourceTree = "<group>"; };
		175A42661DFEB524005DA3C1 /* Base */ = {isa = PBXFileReference; lastKnownFileType = file.storyboard; name = Base; path = Base.lproj/Main.storyboard; sourceTree = "<group>"; };
		175A42681DFEB524005DA3C1 /* Info.plist */ = {isa = PBXFileReference; lastKnownFileType = text.plist.xml; path = Info.plist; sourceTree = "<group>"; };
		175A426E1DFEC52A005DA3C1 /* GameOverView.swift */ = {isa = PBXFileReference; fileEncoding = 4; lastKnownFileType = sourcecode.swift; path = GameOverView.swift; sourceTree = "<group>"; };
/* End PBXFileReference section */

/* Begin PBXFrameworksBuildPhase section */
		175A42591DFEB524005DA3C1 /* Frameworks */ = {
			isa = PBXFrameworksBuildPhase;
			buildActionMask = 2147483647;
			files = (
			);
			runOnlyForDeploymentPostprocessing = 0;
		};
/* End PBXFrameworksBuildPhase section */

/* Begin PBXGroup section */
		175A42531DFEB524005DA3C1 = {
			isa = PBXGroup;
			children = (
				175A425E1DFEB524005DA3C1 /* Project8 */,
				175A425D1DFEB524005DA3C1 /* Products */,
			);
			sourceTree = "<group>";
		};
		175A425D1DFEB524005DA3C1 /* Products */ = {
			isa = PBXGroup;
			children = (
				175A425C1DFEB524005DA3C1 /* Project8.app */,
			);
			name = Products;
			sourceTree = "<group>";
		};
		175A425E1DFEB524005DA3C1 /* Project8 */ = {
			isa = PBXGroup;
			children = (
				175A425F1DFEB524005DA3C1 /* AppDelegate.swift */,
				175A42611DFEB524005DA3C1 /* ViewController.swift */,
				175A42631DFEB524005DA3C1 /* Assets.xcassets */,
				175928271E0022D600DF28F9 /* WindowController.swift */,
				175A426E1DFEC52A005DA3C1 /* GameOverView.swift */,
				175A42651DFEB524005DA3C1 /* Main.storyboard */,
				175A42681DFEB524005DA3C1 /* Info.plist */,
			);
			path = Project8;
			sourceTree = "<group>";
		};
/* End PBXGroup section */

/* Begin PBXNativeTarget section */
		175A425B1DFEB524005DA3C1 /* Project8 */ = {
			isa = PBXNativeTarget;
			buildConfigurationList = 175A426B1DFEB524005DA3C1 /* Build configuration list for PBXNativeTarget "Project8" */;
			buildPhases = (
				175A42581DFEB524005DA3C1 /* Sources */,
				175A42591DFEB524005DA3C1 /* Frameworks */,
				175A425A1DFEB524005DA3C1 /* Resources */,
			);
			buildRules = (
			);
			dependencies = (
			);
			name = Project8;
			productName = Project8;
			productReference = 175A425C1DFEB524005DA3C1 /* Project8.app */;
			productType = "com.apple.product-type.application";
		};
/* End PBXNativeTarget section */

/* Begin PBXProject section */
		175A42541DFEB524005DA3C1 /* Project object */ = {
			isa = PBXProject;
			attributes = {
				LastSwiftUpdateCheck = 0810;
				LastUpgradeCheck = 0810;
				ORGANIZATIONNAME = "Stuart Terrett";
				TargetAttributes = {
					175A425B1DFEB524005DA3C1 = {
						CreatedOnToolsVersion = 8.1;
						ProvisioningStyle = Automatic;
					};
				};
			};
			buildConfigurationList = 175A42571DFEB524005DA3C1 /* Build configuration list for PBXProject "Project8" */;
			compatibilityVersion = "Xcode 3.2";
			developmentRegion = English;
			hasScannedForEncodings = 0;
			knownRegions = (
				en,
				Base,
			);
			mainGroup = 175A42531DFEB524005DA3C1;
			productRefGroup = 175A425D1DFEB524005DA3C1 /* Products */;
			projectDirPath = "";
			projectRoot = "";
			targets = (
				175A425B1DFEB524005DA3C1 /* Project8 */,
			);
		};
/* End PBXProject section */

/* Begin PBXResourcesBuildPhase section */
		175A425A1DFEB524005DA3C1 /* Resources */ = {
			isa = PBXResourcesBuildPhase;
			buildActionMask = 2147483647;
			files = (
				175A42641DFEB524005DA3C1 /* Assets.xcassets in Resources */,
				175A42671DFEB524005DA3C1 /* Main.storyboard in Resources */,
			);
			runOnlyForDeploymentPostprocessing = 0;
		};
/* End PBXResourcesBuildPhase section */

/* Begin PBXSourcesBuildPhase section */
		175A42581DFEB524005DA3C1 /* Sources */ = {
			isa = PBXSourcesBuildPhase;
			buildActionMask = 2147483647;
			files = (
				175A42621DFEB524005DA3C1 /* ViewController.swift in Sources */,
				175928281E0022D600DF28F9 /* WindowController.swift in Sources */,
				175A426F1DFEC52A005DA3C1 /* GameOverView.swift in Sources */,
				175A42601DFEB524005DA3C1 /* AppDelegate.swift in Sources */,
			);
			runOnlyForDeploymentPostprocessing = 0;
		};
/* End PBXSourcesBuildPhase section */

/* Begin PBXVariantGroup section */
		175A42651DFEB524005DA3C1 /* Main.storyboard */ = {
			isa = PBXVariantGroup;
			children = (
				175A42661DFEB524005DA3C1 /* Base */,
			);
			name = Main.storyboard;
			sourceTree = "<group>";
		};
/* End PBXVariantGroup section */

/* Begin XCBuildConfiguration section */
		175A42691DFEB524005DA3C1 /* Debug */ = {
			isa = XCBuildConfiguration;
			buildSettings = {
				ALWAYS_SEARCH_USER_PATHS = NO;
				CLANG_ANALYZER_NONNULL = YES;
				CLANG_CXX_LANGUAGE_STANDARD = "gnu++0x";
				CLANG_CXX_LIBRARY = "libc++";
				CLANG_ENABLE_MODULES = YES;
				CLANG_ENABLE_OBJC_ARC = YES;
				CLANG_WARN_BOOL_CONVERSION = YES;
				CLANG_WARN_CONSTANT_CONVERSION = YES;
				CLANG_WARN_DIRECT_OBJC_ISA_USAGE = YES_ERROR;
				CLANG_WARN_DOCUMENTATION_COMMENTS = YES;
				CLANG_WARN_EMPTY_BODY = YES;
				CLANG_WARN_ENUM_CONVERSION = YES;
				CLANG_WARN_INFINITE_RECURSION = YES;
				CLANG_WARN_INT_CONVERSION = YES;
				CLANG_WARN_OBJC_ROOT_CLASS = YES_ERROR;
				CLANG_WARN_SUSPICIOUS_MOVES = YES;
				CLANG_WARN_UNREACHABLE_CODE = YES;
				CLANG_WARN__DUPLICATE_METHOD_MATCH = YES;
				CODE_SIGN_IDENTITY = "-";
				COPY_PHASE_STRIP = NO;
				DEBUG_INFORMATION_FORMAT = dwarf;
				ENABLE_STRICT_OBJC_MSGSEND = YES;
				ENABLE_TESTABILITY = YES;
				GCC_C_LANGUAGE_STANDARD = gnu99;
				GCC_DYNAMIC_NO_PIC = NO;
				GCC_NO_COMMON_BLOCKS = YES;
				GCC_OPTIMIZATION_LEVEL = 0;
				GCC_PREPROCESSOR_DEFINITIONS = (
					"DEBUG=1",
					"$(inherited)",
				);
				GCC_WARN_64_TO_32_BIT_CONVERSION = YES;
				GCC_WARN_ABOUT_RETURN_TYPE = YES_ERROR;
				GCC_WARN_UNDECLARED_SELECTOR = YES;
				GCC_WARN_UNINITIALIZED_AUTOS = YES_AGGRESSIVE;
				GCC_WARN_UNUSED_FUNCTION = YES;
				GCC_WARN_UNUSED_VARIABLE = YES;
				MACOSX_DEPLOYMENT_TARGET = 10.12;
				MTL_ENABLE_DEBUG_INFO = YES;
				ONLY_ACTIVE_ARCH = YES;
				SDKROOT = macosx;
				SWIFT_ACTIVE_COMPILATION_CONDITIONS = DEBUG;
				SWIFT_OPTIMIZATION_LEVEL = "-Onone";
			};
			name = Debug;
		};
		175A426A1DFEB524005DA3C1 /* Release */ = {
			isa = XCBuildConfiguration;
			buildSettings = {
				ALWAYS_SEARCH_USER_PATHS = NO;
				CLANG_ANALYZER_NONNULL = YES;
				CLANG_CXX_LANGUAGE_STANDARD = "gnu++0x";
				CLANG_CXX_LIBRARY = "libc++";
				CLANG_ENABLE_MODULES = YES;
				CLANG_ENABLE_OBJC_ARC = YES;
				CLANG_WARN_BOOL_CONVERSION = YES;
				CLANG_WARN_CONSTANT_CONVERSION = YES;
				CLANG_WARN_DIRECT_OBJC_ISA_USAGE = YES_ERROR;
				CLANG_WARN_DOCUMENTATION_COMMENTS = YES;
				CLANG_WARN_EMPTY_BODY = YES;
				CLANG_WARN_ENUM_CONVERSION = YES;
				CLANG_WARN_INFINITE_RECURSION = YES;
				CLANG_WARN_INT_CONVERSION = YES;
				CLANG_WARN_OBJC_ROOT_CLASS = YES_ERROR;
				CLANG_WARN_SUSPICIOUS_MOVES = YES;
				CLANG_WARN_UNREACHABLE_CODE = YES;
				CLANG_WARN__DUPLICATE_METHOD_MATCH = YES;
				CODE_SIGN_IDENTITY = "-";
				COPY_PHASE_STRIP = NO;
				DEBUG_INFORMATION_FORMAT = "dwarf-with-dsym";
				ENABLE_NS_ASSERTIONS = NO;
				ENABLE_STRICT_OBJC_MSGSEND = YES;
				GCC_C_LANGUAGE_STANDARD = gnu99;
				GCC_NO_COMMON_BLOCKS = YES;
				GCC_WARN_64_TO_32_BIT_CONVERSION = YES;
				GCC_WARN_ABOUT_RETURN_TYPE = YES_ERROR;
				GCC_WARN_UNDECLARED_SELECTOR = YES;
				GCC_WARN_UNINITIALIZED_AUTOS = YES_AGGRESSIVE;
				GCC_WARN_UNUSED_FUNCTION = YES;
				GCC_WARN_UNUSED_VARIABLE = YES;
				MACOSX_DEPLOYMENT_TARGET = 10.12;
				MTL_ENABLE_DEBUG_INFO = NO;
				SDKROOT = macosx;
				SWIFT_OPTIMIZATION_LEVEL = "-Owholemodule";
			};
			name = Release;
		};
		175A426C1DFEB524005DA3C1 /* Debug */ = {
			isa = XCBuildConfiguration;
			buildSettings = {
				ASSETCATALOG_COMPILER_APPICON_NAME = AppIcon;
				COMBINE_HIDPI_IMAGES = YES;
				INFOPLIST_FILE = Project8/Info.plist;
				LD_RUNPATH_SEARCH_PATHS = "$(inherited) @executable_path/../Frameworks";
				PRODUCT_BUNDLE_IDENTIFIER = com.stuart.Project8;
				PRODUCT_NAME = "$(TARGET_NAME)";
				SWIFT_VERSION = 3.0;
			};
			name = Debug;
		};
		175A426D1DFEB524005DA3C1 /* Release */ = {
			isa = XCBuildConfiguration;
			buildSettings = {
				ASSETCATALOG_COMPILER_APPICON_NAME = AppIcon;
				COMBINE_HIDPI_IMAGES = YES;
				INFOPLIST_FILE = Project8/Info.plist;
				LD_RUNPATH_SEARCH_PATHS = "$(inherited) @executable_path/../Frameworks";
				PRODUCT_BUNDLE_IDENTIFIER = com.stuart.Project8;
				PRODUCT_NAME = "$(TARGET_NAME)";
				SWIFT_VERSION = 3.0;
			};
			name = Release;
		};
/* End XCBuildConfiguration section */

/* Begin XCConfigurationList section */
		175A42571DFEB524005DA3C1 /* Build configuration list for PBXProject "Project8" */ = {
			isa = XCConfigurationList;
			buildConfigurations = (
				175A42691DFEB524005DA3C1 /* Debug */,
				175A426A1DFEB524005DA3C1 /* Release */,
			);
			defaultConfigurationIsVisible = 0;
			defaultConfigurationName = Release;
		};
		175A426B1DFEB524005DA3C1 /* Build configuration list for PBXNativeTarget "Project8" */ = {
			isa = XCConfigurationList;
			buildConfigurations = (
				175A426C1DFEB524005DA3C1 /* Debug */,
				175A426D1DFEB524005DA3C1 /* Release */,
			);
			defaultConfigurationIsVisible = 0;
			defaultConfigurationName = Release;
		};
/* End XCConfigurationList section */
	};
	rootObject = 175A42541DFEB524005DA3C1 /* Project object */;
}
