// !$*UTF8*$!
{
	archiveVersion = 1;
	classes = {
	};
	objectVersion = 46;
	objects = {

/* Begin PBXBuildFile section */
		1749A16F1E0388CF00448F75 /* MapKit.framework in Frameworks */ = {isa = PBXBuildFile; fileRef = 1749A16E1E0388CF00448F75 /* MapKit.framework */; };
		1760709A1E02B7F7007E006E /* AppDelegate.swift in Sources */ = {isa = PBXBuildFile; fileRef = 176070991E02B7F7007E006E /* AppDelegate.swift */; };
		1760709C1E02B7F7007E006E /* ViewController.swift in Sources */ = {isa = PBXBuildFile; fileRef = 1760709B1E02B7F7007E006E /* ViewController.swift */; };
		1760709E1E02B7F7007E006E /* Assets.xcassets in Resources */ = {isa = PBXBuildFile; fileRef = 1760709D1E02B7F7007E006E /* Assets.xcassets */; };
		176070A11E02B7F7007E006E /* Main.storyboard in Resources */ = {isa = PBXBuildFile; fileRef = 1760709F1E02B7F7007E006E /* Main.storyboard */; };
		3F2B2CE1F4B51316117FE3E5 /* Pods_Project10.framework in Frameworks */ = {isa = PBXBuildFile; fileRef = B0269570B1AD55E20F6432CA /* Pods_Project10.framework */; };
/* End PBXBuildFile section */

/* Begin PBXFileReference section */
		1749A16E1E0388CF00448F75 /* MapKit.framework */ = {isa = PBXFileReference; lastKnownFileType = wrapper.framework; name = MapKit.framework; path = System/Library/Frameworks/MapKit.framework; sourceTree = SDKROOT; };
		1749A1701E0388CF00448F75 /* Project10.entitlements */ = {isa = PBXFileReference; lastKnownFileType = text.plist.entitlements; path = Project10.entitlements; sourceTree = "<group>"; };
		176070961E02B7F7007E006E /* Project10.app */ = {isa = PBXFileReference; explicitFileType = wrapper.application; includeInIndex = 0; path = Project10.app; sourceTree = BUILT_PRODUCTS_DIR; };
		176070991E02B7F7007E006E /* AppDelegate.swift */ = {isa = PBXFileReference; lastKnownFileType = sourcecode.swift; path = AppDelegate.swift; sourceTree = "<group>"; };
		1760709B1E02B7F7007E006E /* ViewController.swift */ = {isa = PBXFileReference; lastKnownFileType = sourcecode.swift; path = ViewController.swift; sourceTree = "<group>"; };
		1760709D1E02B7F7007E006E /* Assets.xcassets */ = {isa = PBXFileReference; lastKnownFileType = folder.assetcatalog; path = Assets.xcassets; sourceTree = "<group>"; };
		176070A01E02B7F7007E006E /* Base */ = {isa = PBXFileReference; lastKnownFileType = file.storyboard; name = Base; path = Base.lproj/Main.storyboard; sourceTree = "<group>"; };
		176070A21E02B7F7007E006E /* Info.plist */ = {isa = PBXFileReference; lastKnownFileType = text.plist.xml; path = Info.plist; sourceTree = "<group>"; };
		4124262F4EA5B038F11F72EC /* Pods-Project10.release.xcconfig */ = {isa = PBXFileReference; includeInIndex = 1; lastKnownFileType = text.xcconfig; name = "Pods-Project10.release.xcconfig"; path = "Pods/Target Support Files/Pods-Project10/Pods-Project10.release.xcconfig"; sourceTree = "<group>"; };
		B0269570B1AD55E20F6432CA /* Pods_Project10.framework */ = {isa = PBXFileReference; explicitFileType = wrapper.framework; includeInIndex = 0; path = Pods_Project10.framework; sourceTree = BUILT_PRODUCTS_DIR; };
		C34623227565D1CDD749777D /* Pods-Project10.debug.xcconfig */ = {isa = PBXFileReference; includeInIndex = 1; lastKnownFileType = text.xcconfig; name = "Pods-Project10.debug.xcconfig"; path = "Pods/Target Support Files/Pods-Project10/Pods-Project10.debug.xcconfig"; sourceTree = "<group>"; };
/* End PBXFileReference section */

/* Begin PBXFrameworksBuildPhase section */
		176070931E02B7F6007E006E /* Frameworks */ = {
			isa = PBXFrameworksBuildPhase;
			buildActionMask = 2147483647;
			files = (
				1749A16F1E0388CF00448F75 /* MapKit.framework in Frameworks */,
				3F2B2CE1F4B51316117FE3E5 /* Pods_Project10.framework in Frameworks */,
			);
			runOnlyForDeploymentPostprocessing = 0;
		};
/* End PBXFrameworksBuildPhase section */

/* Begin PBXGroup section */
		1749A16D1E0388CF00448F75 /* Frameworks */ = {
			isa = PBXGroup;
			children = (
				1749A16E1E0388CF00448F75 /* MapKit.framework */,
				B0269570B1AD55E20F6432CA /* Pods_Project10.framework */,
			);
			name = Frameworks;
			sourceTree = "<group>";
		};
		1760708D1E02B7F6007E006E = {
			isa = PBXGroup;
			children = (
				176070981E02B7F7007E006E /* Project10 */,
				176070971E02B7F7007E006E /* Products */,
				1749A16D1E0388CF00448F75 /* Frameworks */,
				FB7F25A1A242EDF159FBBC88 /* Pods */,
			);
			sourceTree = "<group>";
		};
		176070971E02B7F7007E006E /* Products */ = {
			isa = PBXGroup;
			children = (
				176070961E02B7F7007E006E /* Project10.app */,
			);
			name = Products;
			sourceTree = "<group>";
		};
		176070981E02B7F7007E006E /* Project10 */ = {
			isa = PBXGroup;
			children = (
				1749A1701E0388CF00448F75 /* Project10.entitlements */,
				176070991E02B7F7007E006E /* AppDelegate.swift */,
				1760709B1E02B7F7007E006E /* ViewController.swift */,
				1760709D1E02B7F7007E006E /* Assets.xcassets */,
				1760709F1E02B7F7007E006E /* Main.storyboard */,
				176070A21E02B7F7007E006E /* Info.plist */,
			);
			path = Project10;
			sourceTree = "<group>";
		};
		FB7F25A1A242EDF159FBBC88 /* Pods */ = {
			isa = PBXGroup;
			children = (
				C34623227565D1CDD749777D /* Pods-Project10.debug.xcconfig */,
				4124262F4EA5B038F11F72EC /* Pods-Project10.release.xcconfig */,
			);
			name = Pods;
			sourceTree = "<group>";
		};
/* End PBXGroup section */

/* Begin PBXNativeTarget section */
		176070951E02B7F6007E006E /* Project10 */ = {
			isa = PBXNativeTarget;
			buildConfigurationList = 176070A51E02B7F7007E006E /* Build configuration list for PBXNativeTarget "Project10" */;
			buildPhases = (
				CC6780DE7A3475F097ABBCEB /* [CP] Check Pods Manifest.lock */,
				176070921E02B7F6007E006E /* Sources */,
				176070931E02B7F6007E006E /* Frameworks */,
				176070941E02B7F6007E006E /* Resources */,
				A5F38F520828A4577545B157 /* [CP] Embed Pods Frameworks */,
				DCE5D8595B13F5499C86D01E /* [CP] Copy Pods Resources */,
			);
			buildRules = (
			);
			dependencies = (
			);
			name = Project10;
			productName = Project10;
			productReference = 176070961E02B7F7007E006E /* Project10.app */;
			productType = "com.apple.product-type.application";
		};
/* End PBXNativeTarget section */

/* Begin PBXProject section */
		1760708E1E02B7F6007E006E /* Project object */ = {
			isa = PBXProject;
			attributes = {
				LastSwiftUpdateCheck = 0810;
				LastUpgradeCheck = 0810;
				ORGANIZATIONNAME = "Stuart Terrett";
				TargetAttributes = {
					176070951E02B7F6007E006E = {
						CreatedOnToolsVersion = 8.1;
						DevelopmentTeam = 74XW3489L7;
						ProvisioningStyle = Automatic;
						SystemCapabilities = {
							com.apple.Maps.Mac = {
								enabled = 1;
							};
						};
					};
				};
			};
			buildConfigurationList = 176070911E02B7F6007E006E /* Build configuration list for PBXProject "Project10" */;
			compatibilityVersion = "Xcode 3.2";
			developmentRegion = English;
			hasScannedForEncodings = 0;
			knownRegions = (
				en,
				Base,
			);
			mainGroup = 1760708D1E02B7F6007E006E;
			productRefGroup = 176070971E02B7F7007E006E /* Products */;
			projectDirPath = "";
			projectRoot = "";
			targets = (
				176070951E02B7F6007E006E /* Project10 */,
			);
		};
/* End PBXProject section */

/* Begin PBXResourcesBuildPhase section */
		176070941E02B7F6007E006E /* Resources */ = {
			isa = PBXResourcesBuildPhase;
			buildActionMask = 2147483647;
			files = (
				1760709E1E02B7F7007E006E /* Assets.xcassets in Resources */,
				176070A11E02B7F7007E006E /* Main.storyboard in Resources */,
			);
			runOnlyForDeploymentPostprocessing = 0;
		};
/* End PBXResourcesBuildPhase section */

/* Begin PBXShellScriptBuildPhase section */
		A5F38F520828A4577545B157 /* [CP] Embed Pods Frameworks */ = {
			isa = PBXShellScriptBuildPhase;
			buildActionMask = 2147483647;
			files = (
			);
			inputPaths = (
			);
			name = "[CP] Embed Pods Frameworks";
			outputPaths = (
			);
			runOnlyForDeploymentPostprocessing = 0;
			shellPath = /bin/sh;
			shellScript = "\"${SRCROOT}/Pods/Target Support Files/Pods-Project10/Pods-Project10-frameworks.sh\"\n";
			showEnvVarsInLog = 0;
		};
		CC6780DE7A3475F097ABBCEB /* [CP] Check Pods Manifest.lock */ = {
			isa = PBXShellScriptBuildPhase;
			buildActionMask = 2147483647;
			files = (
			);
			inputPaths = (
			);
			name = "[CP] Check Pods Manifest.lock";
			outputPaths = (
			);
			runOnlyForDeploymentPostprocessing = 0;
			shellPath = /bin/sh;
			shellScript = "diff \"${PODS_ROOT}/../Podfile.lock\" \"${PODS_ROOT}/Manifest.lock\" > /dev/null\nif [ $? != 0 ] ; then\n    # print error to STDERR\n    echo \"error: The sandbox is not in sync with the Podfile.lock. Run 'pod install' or update your CocoaPods installation.\" >&2\n    exit 1\nfi\n";
			showEnvVarsInLog = 0;
		};
		DCE5D8595B13F5499C86D01E /* [CP] Copy Pods Resources */ = {
			isa = PBXShellScriptBuildPhase;
			buildActionMask = 2147483647;
			files = (
			);
			inputPaths = (
			);
			name = "[CP] Copy Pods Resources";
			outputPaths = (
			);
			runOnlyForDeploymentPostprocessing = 0;
			shellPath = /bin/sh;
			shellScript = "\"${SRCROOT}/Pods/Target Support Files/Pods-Project10/Pods-Project10-resources.sh\"\n";
			showEnvVarsInLog = 0;
		};
/* End PBXShellScriptBuildPhase section */

/* Begin PBXSourcesBuildPhase section */
		176070921E02B7F6007E006E /* Sources */ = {
			isa = PBXSourcesBuildPhase;
			buildActionMask = 2147483647;
			files = (
				1760709C1E02B7F7007E006E /* ViewController.swift in Sources */,
				1760709A1E02B7F7007E006E /* AppDelegate.swift in Sources */,
			);
			runOnlyForDeploymentPostprocessing = 0;
		};
/* End PBXSourcesBuildPhase section */

/* Begin PBXVariantGroup section */
		1760709F1E02B7F7007E006E /* Main.storyboard */ = {
			isa = PBXVariantGroup;
			children = (
				176070A01E02B7F7007E006E /* Base */,
			);
			name = Main.storyboard;
			sourceTree = "<group>";
		};
/* End PBXVariantGroup section */

/* Begin XCBuildConfiguration section */
		176070A31E02B7F7007E006E /* Debug */ = {
			isa = XCBuildConfiguration;
			buildSettings = {
				ALWAYS_SEARCH_USER_PATHS = NO;
				CLANG_ANALYZER_NONNULL = YES;
				CLANG_CXX_LANGUAGE_STANDARD = "gnu++0x";
				CLANG_CXX_LIBRARY = "libc++";
				CLANG_ENABLE_MODULES = YES;
				CLANG_ENABLE_OBJC_ARC = YES;
				CLANG_WARN_BOOL_CONVERSION = YES;
				CLANG_WARN_CONSTANT_CONVERSION = YES;
				CLANG_WARN_DIRECT_OBJC_ISA_USAGE = YES_ERROR;
				CLANG_WARN_DOCUMENTATION_COMMENTS = YES;
				CLANG_WARN_EMPTY_BODY = YES;
				CLANG_WARN_ENUM_CONVERSION = YES;
				CLANG_WARN_INFINITE_RECURSION = YES;
				CLANG_WARN_INT_CONVERSION = YES;
				CLANG_WARN_OBJC_ROOT_CLASS = YES_ERROR;
				CLANG_WARN_SUSPICIOUS_MOVES = YES;
				CLANG_WARN_UNREACHABLE_CODE = YES;
				CLANG_WARN__DUPLICATE_METHOD_MATCH = YES;
				CODE_SIGN_IDENTITY = "-";
				COPY_PHASE_STRIP = NO;
				DEBUG_INFORMATION_FORMAT = dwarf;
				ENABLE_STRICT_OBJC_MSGSEND = YES;
				ENABLE_TESTABILITY = YES;
				GCC_C_LANGUAGE_STANDARD = gnu99;
				GCC_DYNAMIC_NO_PIC = NO;
				GCC_NO_COMMON_BLOCKS = YES;
				GCC_OPTIMIZATION_LEVEL = 0;
				GCC_PREPROCESSOR_DEFINITIONS = (
					"DEBUG=1",
					"$(inherited)",
				);
				GCC_WARN_64_TO_32_BIT_CONVERSION = YES;
				GCC_WARN_ABOUT_RETURN_TYPE = YES_ERROR;
				GCC_WARN_UNDECLARED_SELECTOR = YES;
				GCC_WARN_UNINITIALIZED_AUTOS = YES_AGGRESSIVE;
				GCC_WARN_UNUSED_FUNCTION = YES;
				GCC_WARN_UNUSED_VARIABLE = YES;
				MACOSX_DEPLOYMENT_TARGET = 10.12;
				MTL_ENABLE_DEBUG_INFO = YES;
				ONLY_ACTIVE_ARCH = YES;
				SDKROOT = macosx;
				SWIFT_ACTIVE_COMPILATION_CONDITIONS = DEBUG;
				SWIFT_OPTIMIZATION_LEVEL = "-Onone";
			};
			name = Debug;
		};
		176070A41E02B7F7007E006E /* Release */ = {
			isa = XCBuildConfiguration;
			buildSettings = {
				ALWAYS_SEARCH_USER_PATHS = NO;
				CLANG_ANALYZER_NONNULL = YES;
				CLANG_CXX_LANGUAGE_STANDARD = "gnu++0x";
				CLANG_CXX_LIBRARY = "libc++";
				CLANG_ENABLE_MODULES = YES;
				CLANG_ENABLE_OBJC_ARC = YES;
				CLANG_WARN_BOOL_CONVERSION = YES;
				CLANG_WARN_CONSTANT_CONVERSION = YES;
				CLANG_WARN_DIRECT_OBJC_ISA_USAGE = YES_ERROR;
				CLANG_WARN_DOCUMENTATION_COMMENTS = YES;
				CLANG_WARN_EMPTY_BODY = YES;
				CLANG_WARN_ENUM_CONVERSION = YES;
				CLANG_WARN_INFINITE_RECURSION = YES;
				CLANG_WARN_INT_CONVERSION = YES;
				CLANG_WARN_OBJC_ROOT_CLASS = YES_ERROR;
				CLANG_WARN_SUSPICIOUS_MOVES = YES;
				CLANG_WARN_UNREACHABLE_CODE = YES;
				CLANG_WARN__DUPLICATE_METHOD_MATCH = YES;
				CODE_SIGN_IDENTITY = "-";
				COPY_PHASE_STRIP = NO;
				DEBUG_INFORMATION_FORMAT = "dwarf-with-dsym";
				ENABLE_NS_ASSERTIONS = NO;
				ENABLE_STRICT_OBJC_MSGSEND = YES;
				GCC_C_LANGUAGE_STANDARD = gnu99;
				GCC_NO_COMMON_BLOCKS = YES;
				GCC_WARN_64_TO_32_BIT_CONVERSION = YES;
				GCC_WARN_ABOUT_RETURN_TYPE = YES_ERROR;
				GCC_WARN_UNDECLARED_SELECTOR = YES;
				GCC_WARN_UNINITIALIZED_AUTOS = YES_AGGRESSIVE;
				GCC_WARN_UNUSED_FUNCTION = YES;
				GCC_WARN_UNUSED_VARIABLE = YES;
				MACOSX_DEPLOYMENT_TARGET = 10.12;
				MTL_ENABLE_DEBUG_INFO = NO;
				SDKROOT = macosx;
				SWIFT_OPTIMIZATION_LEVEL = "-Owholemodule";
			};
			name = Release;
		};
		176070A61E02B7F7007E006E /* Debug */ = {
			isa = XCBuildConfiguration;
			baseConfigurationReference = C34623227565D1CDD749777D /* Pods-Project10.debug.xcconfig */;
			buildSettings = {
				ASSETCATALOG_COMPILER_APPICON_NAME = AppIcon;
				CODE_SIGN_ENTITLEMENTS = Project10/Project10.entitlements;
				CODE_SIGN_IDENTITY = "Mac Developer";
				COMBINE_HIDPI_IMAGES = YES;
				DEVELOPMENT_TEAM = 74XW3489L7;
				INFOPLIST_FILE = Project10/Info.plist;
				LD_RUNPATH_SEARCH_PATHS = "$(inherited) @executable_path/../Frameworks";
				PRODUCT_BUNDLE_IDENTIFIER = com.stuart.Project10;
				PRODUCT_NAME = "$(TARGET_NAME)";
				SWIFT_VERSION = 3.0;
			};
			name = Debug;
		};
		176070A71E02B7F7007E006E /* Release */ = {
			isa = XCBuildConfiguration;
			baseConfigurationReference = 4124262F4EA5B038F11F72EC /* Pods-Project10.release.xcconfig */;
			buildSettings = {
				ASSETCATALOG_COMPILER_APPICON_NAME = AppIcon;
				CODE_SIGN_ENTITLEMENTS = Project10/Project10.entitlements;
				CODE_SIGN_IDENTITY = "Mac Developer";
				COMBINE_HIDPI_IMAGES = YES;
				DEVELOPMENT_TEAM = 74XW3489L7;
				INFOPLIST_FILE = Project10/Info.plist;
				LD_RUNPATH_SEARCH_PATHS = "$(inherited) @executable_path/../Frameworks";
				PRODUCT_BUNDLE_IDENTIFIER = com.stuart.Project10;
				PRODUCT_NAME = "$(TARGET_NAME)";
				SWIFT_VERSION = 3.0;
			};
			name = Release;
		};
/* End XCBuildConfiguration section */

/* Begin XCConfigurationList section */
		176070911E02B7F6007E006E /* Build configuration list for PBXProject "Project10" */ = {
			isa = XCConfigurationList;
			buildConfigurations = (
				176070A31E02B7F7007E006E /* Debug */,
				176070A41E02B7F7007E006E /* Release */,
			);
			defaultConfigurationIsVisible = 0;
			defaultConfigurationName = Release;
		};
		176070A51E02B7F7007E006E /* Build configuration list for PBXNativeTarget "Project10" */ = {
			isa = XCConfigurationList;
			buildConfigurations = (
				176070A61E02B7F7007E006E /* Debug */,
				176070A71E02B7F7007E006E /* Release */,
			);
			defaultConfigurationIsVisible = 0;
			defaultConfigurationName = Release;
		};
/* End XCConfigurationList section */
	};
	rootObject = 1760708E1E02B7F6007E006E /* Project object */;
}
